
Microsoft Visual Studio Solution File, Format Version 12.00
# Visual Studio Version 17
VisualStudioVersion = 17.14.36203.30 d17.14
MinimumVisualStudioVersion = 10.0.40219.1
Project("{FAE04EC0-301F-11D3-BF4B-00C04F79EFBC}") = "WebMVC", "WebMVC\WebMVC.csproj", "{9FA24962-2550-4E0F-B2B1-6E31A977EF4D}"
EndProject
Project("{FAE04EC0-301F-11D3-BF4B-00C04F79EFBC}") = "DAL", "DAL\DAL.csproj", "{DFEBBF56-AB14-4F20-9DE9-E79E9BE9BEAB}"
EndProject
Project("{FAE04EC0-301F-11D3-BF4B-00C04F79EFBC}") = "BLL", "BLL\BLL.csproj", "{B4DA7ADB-3A40-4EC1-8D45-B17F408AE917}"
EndProject
Project("{FAE04EC0-301F-11D3-BF4B-00C04F79EFBC}") = "WebRazor", "WebRazor\WebRazor.csproj", "{99D76C89-310D-49D6-B855-1A9CD46DE0B5}"
EndProject
Project("{FAE04EC0-301F-11D3-BF4B-00C04F79EFBC}") = "WebBlazor", "WebBlazor\WebBlazor.csproj", "{890F5C40-4A60-4093-816B-33BD0C3EE0D0}"
EndProject
Global
	GlobalSection(SolutionConfigurationPlatforms) = preSolution
		Debug|Any CPU = Debug|Any CPU
		Release|Any CPU = Release|Any CPU
	EndGlobalSection
	GlobalSection(ProjectConfigurationPlatforms) = postSolution
		{9FA24962-2550-4E0F-B2B1-6E31A977EF4D}.Debug|Any CPU.ActiveCfg = Debug|Any CPU
		{9FA24962-2550-4E0F-B2B1-6E31A977EF4D}.Debug|Any CPU.Build.0 = Debug|Any CPU
		{9FA24962-2550-4E0F-B2B1-6E31A977EF4D}.Release|Any CPU.ActiveCfg = Release|Any CPU
		{9FA24962-2550-4E0F-B2B1-6E31A977EF4D}.Release|Any CPU.Build.0 = Release|Any CPU
		{DFEBBF56-AB14-4F20-9DE9-E79E9BE9BEAB}.Debug|Any CPU.ActiveCfg = Debug|Any CPU
		{DFEBBF56-AB14-4F20-9DE9-E79E9BE9BEAB}.Debug|Any CPU.Build.0 = Debug|Any CPU
		{DFEBBF56-AB14-4F20-9DE9-E79E9BE9BEAB}.Release|Any CPU.ActiveCfg = Release|Any CPU
		{DFEBBF56-AB14-4F20-9DE9-E79E9BE9BEAB}.Release|Any CPU.Build.0 = Release|Any CPU
		{B4DA7ADB-3A40-4EC1-8D45-B17F408AE917}.Debug|Any CPU.ActiveCfg = Debug|Any CPU
		{B4DA7ADB-3A40-4EC1-8D45-B17F408AE917}.Debug|Any CPU.Build.0 = Debug|Any CPU
		{B4DA7ADB-3A40-4EC1-8D45-B17F408AE917}.Release|Any CPU.ActiveCfg = Release|Any CPU
		{B4DA7ADB-3A40-4EC1-8D45-B17F408AE917}.Release|Any CPU.Build.0 = Release|Any CPU
		{99D76C89-310D-49D6-B855-1A9CD46DE0B5}.Debug|Any CPU.ActiveCfg = Debug|Any CPU
		{99D76C89-310D-49D6-B855-1A9CD46DE0B5}.Debug|Any CPU.Build.0 = Debug|Any CPU
		{99D76C89-310D-49D6-B855-1A9CD46DE0B5}.Release|Any CPU.ActiveCfg = Release|Any CPU
		{99D76C89-310D-49D6-B855-1A9CD46DE0B5}.Release|Any CPU.Build.0 = Release|Any CPU
		{890F5C40-4A60-4093-816B-33BD0C3EE0D0}.Debug|Any CPU.ActiveCfg = Debug|Any CPU
		{890F5C40-4A60-4093-816B-33BD0C3EE0D0}.Debug|Any CPU.Build.0 = Debug|Any CPU
		{890F5C40-4A60-4093-816B-33BD0C3EE0D0}.Release|Any CPU.ActiveCfg = Release|Any CPU
		{890F5C40-4A60-4093-816B-33BD0C3EE0D0}.Release|Any CPU.Build.0 = Release|Any CPU
	EndGlobalSection
	GlobalSection(SolutionProperties) = preSolution
		HideSolutionNode = FALSE
	EndGlobalSection
	GlobalSection(ExtensibilityGlobals) = postSolution
		SolutionGuid = {839DB590-C05D-4873-B340-5C4ECF52CAF9}
	EndGlobalSection
EndGlobal
